
Microsoft Visual Studio Solution File, Format Version 12.00
# Visual Studio 15
VisualStudioVersion = 15.0.28307.329
MinimumVisualStudioVersion = 10.0.40219.1
Project("{159641D6-6404-4A2A-AE62-294DE0FE8301}") = "DDS Packages", "..\DDS Packages.dtproj", "{C290FF15-259A-4CF4-BBE3-19409E03C51A}"
EndProject
Project("{159641D6-6404-4A2A-AE62-294DE0FE8301}") = "Sasfin DDS Packages", "Sasfin DDS Packages\Sasfin DDS Packages.dtproj", "{FDA4CCEA-3E51-4093-BAF7-B4267F277E17}"
EndProject
Global
	GlobalSection(SolutionConfigurationPlatforms) = preSolution
		Development|Default = Development|Default
	EndGlobalSection
	GlobalSection(ProjectConfigurationPlatforms) = postSolution
		{C290FF15-259A-4CF4-BBE3-19409E03C51A}.Development|Default.ActiveCfg = Development
		{C290FF15-259A-4CF4-BBE3-19409E03C51A}.Development|Default.Build.0 = Development
		{FDA4CCEA-3E51-4093-BAF7-B4267F277E17}.Development|Default.ActiveCfg = Development
		{FDA4CCEA-3E51-4093-BAF7-B4267F277E17}.Development|Default.Build.0 = Development
	EndGlobalSection
	GlobalSection(SolutionProperties) = preSolution
		HideSolutionNode = FALSE
	EndGlobalSection
	GlobalSection(ExtensibilityGlobals) = postSolution
		SolutionGuid = {E0FB47E7-8CA7-4D92-BA4F-7028C3D82F6F}
	EndGlobalSection
EndGlobal
